// !$*UTF8*$!
{
	archiveVersion = 1;
	classes = {
	};
	objectVersion = 46;
	objects = {

/* Begin PBXBuildFile section */
		3E2760C01CA96E3400C71B50 /* screenshot.PNG in Resources */ = {isa = PBXBuildFile; fileRef = 3E2760BF1CA96E3400C71B50 /* screenshot.PNG */; };
		3E9CD4FB1C9B0C3D00C67CB5 /* ConvolutionImageViewer.swift in Sources */ = {isa = PBXBuildFile; fileRef = 3E9CD4FA1C9B0C3D00C67CB5 /* ConvolutionImageViewer.swift */; };
		3E9DEFB71CA3D3E700F9F241 /* railroad.jpg in Resources */ = {isa = PBXBuildFile; fileRef = 3E9DEFB61CA3D3E700F9F241 /* railroad.jpg */; };
		3EABB9B61C9AC91400170E8F /* AppDelegate.swift in Sources */ = {isa = PBXBuildFile; fileRef = 3EABB9B51C9AC91400170E8F /* AppDelegate.swift */; };
		3EABB9B81C9AC91400170E8F /* ViewController.swift in Sources */ = {isa = PBXBuildFile; fileRef = 3EABB9B71C9AC91400170E8F /* ViewController.swift */; };
		3EABB9BB1C9AC91400170E8F /* Main.storyboard in Resources */ = {isa = PBXBuildFile; fileRef = 3EABB9B91C9AC91400170E8F /* Main.storyboard */; };
		3EABB9BD1C9AC91400170E8F /* Assets.xcassets in Resources */ = {isa = PBXBuildFile; fileRef = 3EABB9BC1C9AC91400170E8F /* Assets.xcassets */; };
		3EABB9C01C9AC91400170E8F /* LaunchScreen.storyboard in Resources */ = {isa = PBXBuildFile; fileRef = 3EABB9BE1C9AC91400170E8F /* LaunchScreen.storyboard */; };
		3EABB9CB1C9AC9CD00170E8F /* KernelsTableView.swift in Sources */ = {isa = PBXBuildFile; fileRef = 3EABB9CA1C9AC9CD00170E8F /* KernelsTableView.swift */; };
		3EABB9CE1C9ACA9600170E8F /* CoreImageConvolutionExplorerModel.swift in Sources */ = {isa = PBXBuildFile; fileRef = 3EABB9CD1C9ACA9600170E8F /* CoreImageConvolutionExplorerModel.swift */; };
		3EABB9D01C9AD17C00170E8F /* KernelDetailView.swift in Sources */ = {isa = PBXBuildFile; fileRef = 3EABB9CF1C9AD17C00170E8F /* KernelDetailView.swift */; };
/* End PBXBuildFile section */

/* Begin PBXFileReference section */
		3E2760BF1CA96E3400C71B50 /* screenshot.PNG */ = {isa = PBXFileReference; lastKnownFileType = image.png; name = screenshot.PNG; path = CoreImageConvolutionExplorer/screenshot.PNG; sourceTree = "<group>"; };
		3E9CD4FA1C9B0C3D00C67CB5 /* ConvolutionImageViewer.swift */ = {isa = PBXFileReference; fileEncoding = 4; lastKnownFileType = sourcecode.swift; name = ConvolutionImageViewer.swift; path = components/ConvolutionImageViewer.swift; sourceTree = "<group>"; };
		3E9DEFB61CA3D3E700F9F241 /* railroad.jpg */ = {isa = PBXFileReference; lastKnownFileType = image.jpeg; path = railroad.jpg; sourceTree = "<group>"; };
		3EABB9B21C9AC91400170E8F /* CoreImageConvolutionExplorer.app */ = {isa = PBXFileReference; explicitFileType = wrapper.application; includeInIndex = 0; path = CoreImageConvolutionExplorer.app; sourceTree = BUILT_PRODUCTS_DIR; };
		3EABB9B51C9AC91400170E8F /* AppDelegate.swift */ = {isa = PBXFileReference; lastKnownFileType = sourcecode.swift; path = AppDelegate.swift; sourceTree = "<group>"; };
		3EABB9B71C9AC91400170E8F /* ViewController.swift */ = {isa = PBXFileReference; lastKnownFileType = sourcecode.swift; path = ViewController.swift; sourceTree = "<group>"; };
		3EABB9BA1C9AC91400170E8F /* Base */ = {isa = PBXFileReference; lastKnownFileType = file.storyboard; name = Base; path = Base.lproj/Main.storyboard; sourceTree = "<group>"; };
		3EABB9BC1C9AC91400170E8F /* Assets.xcassets */ = {isa = PBXFileReference; lastKnownFileType = folder.assetcatalog; path = Assets.xcassets; sourceTree = "<group>"; };
		3EABB9BF1C9AC91400170E8F /* Base */ = {isa = PBXFileReference; lastKnownFileType = file.storyboard; name = Base; path = Base.lproj/LaunchScreen.storyboard; sourceTree = "<group>"; };
		3EABB9C11C9AC91400170E8F /* Info.plist */ = {isa = PBXFileReference; lastKnownFileType = text.plist.xml; path = Info.plist; sourceTree = "<group>"; };
		3EABB9CA1C9AC9CD00170E8F /* KernelsTableView.swift */ = {isa = PBXFileReference; fileEncoding = 4; lastKnownFileType = sourcecode.swift; name = KernelsTableView.swift; path = components/KernelsTableView.swift; sourceTree = "<group>"; };
		3EABB9CD1C9ACA9600170E8F /* CoreImageConvolutionExplorerModel.swift */ = {isa = PBXFileReference; fileEncoding = 4; lastKnownFileType = sourcecode.swift; name = CoreImageConvolutionExplorerModel.swift; path = model/CoreImageConvolutionExplorerModel.swift; sourceTree = "<group>"; };
		3EABB9CF1C9AD17C00170E8F /* KernelDetailView.swift */ = {isa = PBXFileReference; fileEncoding = 4; lastKnownFileType = sourcecode.swift; name = KernelDetailView.swift; path = components/KernelDetailView.swift; sourceTree = "<group>"; };
/* End PBXFileReference section */

/* Begin PBXFrameworksBuildPhase section */
		3EABB9AF1C9AC91400170E8F /* Frameworks */ = {
			isa = PBXFrameworksBuildPhase;
			buildActionMask = 2147483647;
			files = (
			);
			runOnlyForDeploymentPostprocessing = 0;
		};
/* End PBXFrameworksBuildPhase section */

/* Begin PBXGroup section */
		3EABB9A91C9AC91400170E8F = {
			isa = PBXGroup;
			children = (
				3E2760BF1CA96E3400C71B50 /* screenshot.PNG */,
				3EABB9B41C9AC91400170E8F /* CoreImageConvolutionExplorer */,
				3EABB9B31C9AC91400170E8F /* Products */,
			);
			sourceTree = "<group>";
		};
		3EABB9B31C9AC91400170E8F /* Products */ = {
			isa = PBXGroup;
			children = (
				3EABB9B21C9AC91400170E8F /* CoreImageConvolutionExplorer.app */,
			);
			name = Products;
			sourceTree = "<group>";
		};
		3EABB9B41C9AC91400170E8F /* CoreImageConvolutionExplorer */ = {
			isa = PBXGroup;
			children = (
				3EABB9CC1C9ACA7400170E8F /* model */,
				3EABB9C91C9AC98000170E8F /* components */,
				3E9DEFB61CA3D3E700F9F241 /* railroad.jpg */,
				3EABB9B51C9AC91400170E8F /* AppDelegate.swift */,
				3EABB9B71C9AC91400170E8F /* ViewController.swift */,
				3EABB9B91C9AC91400170E8F /* Main.storyboard */,
				3EABB9BC1C9AC91400170E8F /* Assets.xcassets */,
				3EABB9BE1C9AC91400170E8F /* LaunchScreen.storyboard */,
				3EABB9C11C9AC91400170E8F /* Info.plist */,
			);
			path = CoreImageConvolutionExplorer;
			sourceTree = "<group>";
		};
		3EABB9C91C9AC98000170E8F /* components */ = {
			isa = PBXGroup;
			children = (
				3EABB9CA1C9AC9CD00170E8F /* KernelsTableView.swift */,
				3EABB9CF1C9AD17C00170E8F /* KernelDetailView.swift */,
				3E9CD4FA1C9B0C3D00C67CB5 /* ConvolutionImageViewer.swift */,
			);
			name = components;
			sourceTree = "<group>";
		};
		3EABB9CC1C9ACA7400170E8F /* model */ = {
			isa = PBXGroup;
			children = (
				3EABB9CD1C9ACA9600170E8F /* CoreImageConvolutionExplorerModel.swift */,
			);
			name = model;
			sourceTree = "<group>";
		};
/* End PBXGroup section */

/* Begin PBXNativeTarget section */
		3EABB9B11C9AC91400170E8F /* CoreImageConvolutionExplorer */ = {
			isa = PBXNativeTarget;
			buildConfigurationList = 3EABB9C41C9AC91400170E8F /* Build configuration list for PBXNativeTarget "CoreImageConvolutionExplorer" */;
			buildPhases = (
				3EABB9AE1C9AC91400170E8F /* Sources */,
				3EABB9AF1C9AC91400170E8F /* Frameworks */,
				3EABB9B01C9AC91400170E8F /* Resources */,
			);
			buildRules = (
			);
			dependencies = (
			);
			name = CoreImageConvolutionExplorer;
			productName = CoreImageConvolutionExplorer;
			productReference = 3EABB9B21C9AC91400170E8F /* CoreImageConvolutionExplorer.app */;
			productType = "com.apple.product-type.application";
		};
/* End PBXNativeTarget section */

/* Begin PBXProject section */
		3EABB9AA1C9AC91400170E8F /* Project object */ = {
			isa = PBXProject;
			attributes = {
				LastSwiftUpdateCheck = 0720;
				LastUpgradeCheck = 0720;
				ORGANIZATIONNAME = "Simon Gladman";
				TargetAttributes = {
					3EABB9B11C9AC91400170E8F = {
						CreatedOnToolsVersion = 7.2.1;
					};
				};
			};
			buildConfigurationList = 3EABB9AD1C9AC91400170E8F /* Build configuration list for PBXProject "CoreImageConvolutionExplorer" */;
			compatibilityVersion = "Xcode 3.2";
			developmentRegion = English;
			hasScannedForEncodings = 0;
			knownRegions = (
				en,
				Base,
			);
			mainGroup = 3EABB9A91C9AC91400170E8F;
			productRefGroup = 3EABB9B31C9AC91400170E8F /* Products */;
			projectDirPath = "";
			projectRoot = "";
			targets = (
				3EABB9B11C9AC91400170E8F /* CoreImageConvolutionExplorer */,
			);
		};
/* End PBXProject section */

/* Begin PBXResourcesBuildPhase section */
		3EABB9B01C9AC91400170E8F /* Resources */ = {
			isa = PBXResourcesBuildPhase;
			buildActionMask = 2147483647;
			files = (
				3EABB9C01C9AC91400170E8F /* LaunchScreen.storyboard in Resources */,
				3EABB9BD1C9AC91400170E8F /* Assets.xcassets in Resources */,
				3EABB9BB1C9AC91400170E8F /* Main.storyboard in Resources */,
				3E9DEFB71CA3D3E700F9F241 /* railroad.jpg in Resources */,
				3E2760C01CA96E3400C71B50 /* screenshot.PNG in Resources */,
			);
			runOnlyForDeploymentPostprocessing = 0;
		};
/* End PBXResourcesBuildPhase section */

/* Begin PBXSourcesBuildPhase section */
		3EABB9AE1C9AC91400170E8F /* Sources */ = {
			isa = PBXSourcesBuildPhase;
			buildActionMask = 2147483647;
			files = (
				3EABB9CE1C9ACA9600170E8F /* CoreImageConvolutionExplorerModel.swift in Sources */,
				3EABB9D01C9AD17C00170E8F /* KernelDetailView.swift in Sources */,
				3EABB9CB1C9AC9CD00170E8F /* KernelsTableView.swift in Sources */,
				3EABB9B81C9AC91400170E8F /* ViewController.swift in Sources */,
				3E9CD4FB1C9B0C3D00C67CB5 /* ConvolutionImageViewer.swift in Sources */,
				3EABB9B61C9AC91400170E8F /* AppDelegate.swift in Sources */,
			);
			runOnlyForDeploymentPostprocessing = 0;
		};
/* End PBXSourcesBuildPhase section */

/* Begin PBXVariantGroup section */
		3EABB9B91C9AC91400170E8F /* Main.storyboard */ = {
			isa = PBXVariantGroup;
			children = (
				3EABB9BA1C9AC91400170E8F /* Base */,
			);
			name = Main.storyboard;
			sourceTree = "<group>";
		};
		3EABB9BE1C9AC91400170E8F /* LaunchScreen.storyboard */ = {
			isa = PBXVariantGroup;
			children = (
				3EABB9BF1C9AC91400170E8F /* Base */,
			);
			name = LaunchScreen.storyboard;
			sourceTree = "<group>";
		};
/* End PBXVariantGroup section */

/* Begin XCBuildConfiguration section */
		3EABB9C21C9AC91400170E8F /* Debug */ = {
			isa = XCBuildConfiguration;
			buildSettings = {
				ALWAYS_SEARCH_USER_PATHS = NO;
				CLANG_CXX_LANGUAGE_STANDARD = "gnu++0x";
				CLANG_CXX_LIBRARY = "libc++";
				CLANG_ENABLE_MODULES = YES;
				CLANG_ENABLE_OBJC_ARC = YES;
				CLANG_WARN_BOOL_CONVERSION = YES;
				CLANG_WARN_CONSTANT_CONVERSION = YES;
				CLANG_WARN_DIRECT_OBJC_ISA_USAGE = YES_ERROR;
				CLANG_WARN_EMPTY_BODY = YES;
				CLANG_WARN_ENUM_CONVERSION = YES;
				CLANG_WARN_INT_CONVERSION = YES;
				CLANG_WARN_OBJC_ROOT_CLASS = YES_ERROR;
				CLANG_WARN_UNREACHABLE_CODE = YES;
				CLANG_WARN__DUPLICATE_METHOD_MATCH = YES;
				"CODE_SIGN_IDENTITY[sdk=iphoneos*]" = "iPhone Developer";
				COPY_PHASE_STRIP = NO;
				DEBUG_INFORMATION_FORMAT = dwarf;
				ENABLE_STRICT_OBJC_MSGSEND = YES;
				ENABLE_TESTABILITY = YES;
				GCC_C_LANGUAGE_STANDARD = gnu99;
				GCC_DYNAMIC_NO_PIC = NO;
				GCC_NO_COMMON_BLOCKS = YES;
				GCC_OPTIMIZATION_LEVEL = 0;
				GCC_PREPROCESSOR_DEFINITIONS = (
					"DEBUG=1",
					"$(inherited)",
				);
				GCC_WARN_64_TO_32_BIT_CONVERSION = YES;
				GCC_WARN_ABOUT_RETURN_TYPE = YES_ERROR;
				GCC_WARN_UNDECLARED_SELECTOR = YES;
				GCC_WARN_UNINITIALIZED_AUTOS = YES_AGGRESSIVE;
				GCC_WARN_UNUSED_FUNCTION = YES;
				GCC_WARN_UNUSED_VARIABLE = YES;
				IPHONEOS_DEPLOYMENT_TARGET = 9.2;
				MTL_ENABLE_DEBUG_INFO = YES;
				ONLY_ACTIVE_ARCH = YES;
				SDKROOT = iphoneos;
				SWIFT_OPTIMIZATION_LEVEL = "-Onone";
				TARGETED_DEVICE_FAMILY = 2;
			};
			name = Debug;
		};
		3EABB9C31C9AC91400170E8F /* Release */ = {
			isa = XCBuildConfiguration;
			buildSettings = {
				ALWAYS_SEARCH_USER_PATHS = NO;
				CLANG_CXX_LANGUAGE_STANDARD = "gnu++0x";
				CLANG_CXX_LIBRARY = "libc++";
				CLANG_ENABLE_MODULES = YES;
				CLANG_ENABLE_OBJC_ARC = YES;
				CLANG_WARN_BOOL_CONVERSION = YES;
				CLANG_WARN_CONSTANT_CONVERSION = YES;
				CLANG_WARN_DIRECT_OBJC_ISA_USAGE = YES_ERROR;
				CLANG_WARN_EMPTY_BODY = YES;
				CLANG_WARN_ENUM_CONVERSION = YES;
				CLANG_WARN_INT_CONVERSION = YES;
				CLANG_WARN_OBJC_ROOT_CLASS = YES_ERROR;
				CLANG_WARN_UNREACHABLE_CODE = YES;
				CLANG_WARN__DUPLICATE_METHOD_MATCH = YES;
				"CODE_SIGN_IDENTITY[sdk=iphoneos*]" = "iPhone Developer";
				COPY_PHASE_STRIP = NO;
				DEBUG_INFORMATION_FORMAT = "dwarf-with-dsym";
				ENABLE_NS_ASSERTIONS = NO;
				ENABLE_STRICT_OBJC_MSGSEND = YES;
				GCC_C_LANGUAGE_STANDARD = gnu99;
				GCC_NO_COMMON_BLOCKS = YES;
				GCC_WARN_64_TO_32_BIT_CONVERSION = YES;
				GCC_WARN_ABOUT_RETURN_TYPE = YES_ERROR;
				GCC_WARN_UNDECLARED_SELECTOR = YES;
				GCC_WARN_UNINITIALIZED_AUTOS = YES_AGGRESSIVE;
				GCC_WARN_UNUSED_FUNCTION = YES;
				GCC_WARN_UNUSED_VARIABLE = YES;
				IPHONEOS_DEPLOYMENT_TARGET = 9.2;
				MTL_ENABLE_DEBUG_INFO = NO;
				SDKROOT = iphoneos;
				TARGETED_DEVICE_FAMILY = 2;
				VALIDATE_PRODUCT = YES;
			};
			name = Release;
		};
		3EABB9C51C9AC91400170E8F /* Debug */ = {
			isa = XCBuildConfiguration;
			buildSettings = {
				ASSETCATALOG_COMPILER_APPICON_NAME = AppIcon;
				INFOPLIST_FILE = CoreImageConvolutionExplorer/Info.plist;
				LD_RUNPATH_SEARCH_PATHS = "$(inherited) @executable_path/Frameworks";
				PRODUCT_BUNDLE_IDENTIFIER = uk.co.flexmonkey.CoreImageConvolutionExplorer;
				PRODUCT_NAME = "$(TARGET_NAME)";
			};
			name = Debug;
		};
		3EABB9C61C9AC91400170E8F /* Release */ = {
			isa = XCBuildConfiguration;
			buildSettings = {
				ASSETCATALOG_COMPILER_APPICON_NAME = AppIcon;
				INFOPLIST_FILE = CoreImageConvolutionExplorer/Info.plist;
				LD_RUNPATH_SEARCH_PATHS = "$(inherited) @executable_path/Frameworks";
				PRODUCT_BUNDLE_IDENTIFIER = uk.co.flexmonkey.CoreImageConvolutionExplorer;
				PRODUCT_NAME = "$(TARGET_NAME)";
			};
			name = Release;
		};
/* End XCBuildConfiguration section */

/* Begin XCConfigurationList section */
		3EABB9AD1C9AC91400170E8F /* Build configuration list for PBXProject "CoreImageConvolutionExplorer" */ = {
			isa = XCConfigurationList;
			buildConfigurations = (
				3EABB9C21C9AC91400170E8F /* Debug */,
				3EABB9C31C9AC91400170E8F /* Release */,
			);
			defaultConfigurationIsVisible = 0;
			defaultConfigurationName = Release;
		};
		3EABB9C41C9AC91400170E8F /* Build configuration list for PBXNativeTarget "CoreImageConvolutionExplorer" */ = {
			isa = XCConfigurationList;
			buildConfigurations = (
				3EABB9C51C9AC91400170E8F /* Debug */,
				3EABB9C61C9AC91400170E8F /* Release */,
			);
			defaultConfigurationIsVisible = 0;
			defaultConfigurationName = Release;
		};
/* End XCConfigurationList section */
	};
	rootObject = 3EABB9AA1C9AC91400170E8F /* Project object */;
}
